// !$*UTF8*$!
{
	archiveVersion = 1;
	classes = {
	};
	objectVersion = 55;
	objects = {

/* Begin PBXBuildFile section */
		A5047E252771BEB40010F0E7 /* SignUp.swift in Sources */ = {isa = PBXBuildFile; fileRef = A5047E242771BEB40010F0E7 /* SignUp.swift */; };
		A514A1AC277D9BC3001273C3 /* CategoryCell.swift in Sources */ = {isa = PBXBuildFile; fileRef = A514A1AB277D9BC3001273C3 /* CategoryCell.swift */; };
		A514A1AE277DABEB001273C3 /* Category_VC.swift in Sources */ = {isa = PBXBuildFile; fileRef = A514A1AD277DABEB001273C3 /* Category_VC.swift */; };
		A517097E27821815003E8C74 /* CategoryLayout.swift in Sources */ = {isa = PBXBuildFile; fileRef = A517097D27821815003E8C74 /* CategoryLayout.swift */; };
		A51F7528278B4E7700735741 /* YourOrderClass.swift in Sources */ = {isa = PBXBuildFile; fileRef = A51F7527278B4E7700735741 /* YourOrderClass.swift */; };
		A51F752C278B544A00735741 /* HomeNavigation.swift in Sources */ = {isa = PBXBuildFile; fileRef = A51F752B278B544A00735741 /* HomeNavigation.swift */; };
		A51F752E278B627700735741 /* YourOrder_VC.swift in Sources */ = {isa = PBXBuildFile; fileRef = A51F752D278B627700735741 /* YourOrder_VC.swift */; };
		A524E6FE278713F100A6BD70 /* DataManager.swift in Sources */ = {isa = PBXBuildFile; fileRef = A524E6FD278713F100A6BD70 /* DataManager.swift */; };
		A5288510278ADA16004A1A9B /* FirebaseAnalytics in Frameworks */ = {isa = PBXBuildFile; productRef = A528850F278ADA16004A1A9B /* FirebaseAnalytics */; };
		A5288512278ADA16004A1A9B /* FirebaseAnalyticsSwift-Beta in Frameworks */ = {isa = PBXBuildFile; productRef = A5288511278ADA16004A1A9B /* FirebaseAnalyticsSwift-Beta */; };
		A5288514278ADA16004A1A9B /* FirebaseAuth in Frameworks */ = {isa = PBXBuildFile; productRef = A5288513278ADA16004A1A9B /* FirebaseAuth */; };
		A5288516278ADA16004A1A9B /* FirebaseCrashlytics in Frameworks */ = {isa = PBXBuildFile; productRef = A5288515278ADA16004A1A9B /* FirebaseCrashlytics */; };
		A5288518278ADA16004A1A9B /* FirebaseDatabase in Frameworks */ = {isa = PBXBuildFile; productRef = A5288517278ADA16004A1A9B /* FirebaseDatabase */; };
		A528851A278ADA16004A1A9B /* FirebaseDatabaseSwift-Beta in Frameworks */ = {isa = PBXBuildFile; productRef = A5288519278ADA16004A1A9B /* FirebaseDatabaseSwift-Beta */; };
		A528851C278ADA16004A1A9B /* FirebaseFirestore in Frameworks */ = {isa = PBXBuildFile; productRef = A528851B278ADA16004A1A9B /* FirebaseFirestore */; };
		A528851E278ADA16004A1A9B /* FirebaseFirestoreSwift-Beta in Frameworks */ = {isa = PBXBuildFile; productRef = A528851D278ADA16004A1A9B /* FirebaseFirestoreSwift-Beta */; };
		A5288520278ADA16004A1A9B /* FirebaseStorage in Frameworks */ = {isa = PBXBuildFile; productRef = A528851F278ADA16004A1A9B /* FirebaseStorage */; };
		A5288524278ADF39004A1A9B /* Contact_VC.swift in Sources */ = {isa = PBXBuildFile; fileRef = A5288523278ADF39004A1A9B /* Contact_VC.swift */; };
		A5288526278AE004004A1A9B /* ContactView.swift in Sources */ = {isa = PBXBuildFile; fileRef = A5288525278AE004004A1A9B /* ContactView.swift */; };
		A529F0AD279371C500CCE1FD /* Alamofire in Frameworks */ = {isa = PBXBuildFile; productRef = A529F0AC279371C500CCE1FD /* Alamofire */; };
		A529F0AF279371F600CCE1FD /* Cups_VC.swift in Sources */ = {isa = PBXBuildFile; fileRef = A529F0AE279371F600CCE1FD /* Cups_VC.swift */; };
		A52BEDD02783151D004672AD /* SideMenu_VC.swift in Sources */ = {isa = PBXBuildFile; fileRef = A52BEDCF2783151D004672AD /* SideMenu_VC.swift */; };
		A54AA89227710B6500B2AD29 /* LoginView.swift in Sources */ = {isa = PBXBuildFile; fileRef = A54AA89127710B6500B2AD29 /* LoginView.swift */; };
		A5BF9C52276F9D1300D46E04 /* AppDelegate.swift in Sources */ = {isa = PBXBuildFile; fileRef = A5BF9C51276F9D1300D46E04 /* AppDelegate.swift */; };
		A5BF9C54276F9D1300D46E04 /* SceneDelegate.swift in Sources */ = {isa = PBXBuildFile; fileRef = A5BF9C53276F9D1300D46E04 /* SceneDelegate.swift */; };
		A5BF9C56276F9D1300D46E04 /* ViewController.swift in Sources */ = {isa = PBXBuildFile; fileRef = A5BF9C55276F9D1300D46E04 /* ViewController.swift */; };
		A5BF9C59276F9D1300D46E04 /* Main.storyboard in Resources */ = {isa = PBXBuildFile; fileRef = A5BF9C57276F9D1300D46E04 /* Main.storyboard */; };
		A5BF9C5C276F9D1300D46E04 /* PRINUE.xcdatamodeld in Sources */ = {isa = PBXBuildFile; fileRef = A5BF9C5A276F9D1300D46E04 /* PRINUE.xcdatamodeld */; };
		A5BF9C5E276F9D1600D46E04 /* Assets.xcassets in Resources */ = {isa = PBXBuildFile; fileRef = A5BF9C5D276F9D1600D46E04 /* Assets.xcassets */; };
		A5BF9C61276F9D1600D46E04 /* LaunchScreen.storyboard in Resources */ = {isa = PBXBuildFile; fileRef = A5BF9C5F276F9D1600D46E04 /* LaunchScreen.storyboard */; };
		A5BF9C6C276F9D1600D46E04 /* PRINUETests.swift in Sources */ = {isa = PBXBuildFile; fileRef = A5BF9C6B276F9D1600D46E04 /* PRINUETests.swift */; };
		A5BF9C76276F9D1600D46E04 /* PRINUEUITests.swift in Sources */ = {isa = PBXBuildFile; fileRef = A5BF9C75276F9D1600D46E04 /* PRINUEUITests.swift */; };
		A5BF9C78276F9D1600D46E04 /* PRINUEUITestsLaunchTests.swift in Sources */ = {isa = PBXBuildFile; fileRef = A5BF9C77276F9D1600D46E04 /* PRINUEUITestsLaunchTests.swift */; };
		A5BF9C85276FB6EC00D46E04 /* GoogleService-Info.plist in Resources */ = {isa = PBXBuildFile; fileRef = A5BF9C84276FB6EC00D46E04 /* GoogleService-Info.plist */; };
		A5C7549E277B68BA0080A78C /* Utilities.swift in Sources */ = {isa = PBXBuildFile; fileRef = A5C7549D277B68BA0080A78C /* Utilities.swift */; };
		A5C754A1277B6A7B0080A78C /* User.swift in Sources */ = {isa = PBXBuildFile; fileRef = A5C754A0277B6A7B0080A78C /* User.swift */; };
		A5C754A3277B6B120080A78C /* Product.swift in Sources */ = {isa = PBXBuildFile; fileRef = A5C754A2277B6B120080A78C /* Product.swift */; };
		A5C754A5277B6B200080A78C /* Order.swift in Sources */ = {isa = PBXBuildFile; fileRef = A5C754A4277B6B200080A78C /* Order.swift */; };
		A5CF720027787CD900952CD1 /* Home_VC.swift in Sources */ = {isa = PBXBuildFile; fileRef = A5CF71FF27787CD900952CD1 /* Home_VC.swift */; };
		A5CF720227787EA800952CD1 /* Login_VC.swift in Sources */ = {isa = PBXBuildFile; fileRef = A5CF720127787EA800952CD1 /* Login_VC.swift */; };
		A5DAD7C927748CA8007E6DFB /* SignUp_VC.swift in Sources */ = {isa = PBXBuildFile; fileRef = A5DAD7C827748CA8007E6DFB /* SignUp_VC.swift */; };
		A5E9964127860D3400EB9B3F /* LoginNavigationController.swift in Sources */ = {isa = PBXBuildFile; fileRef = A5E9964027860D3400EB9B3F /* LoginNavigationController.swift */; };
		A5E996432787011400EB9B3F /* Profile_VC.swift in Sources */ = {isa = PBXBuildFile; fileRef = A5E996422787011400EB9B3F /* Profile_VC.swift */; };
		A5E996452787015400EB9B3F /* ProfileView.swift in Sources */ = {isa = PBXBuildFile; fileRef = A5E996442787015400EB9B3F /* ProfileView.swift */; };
/* End PBXBuildFile section */

/* Begin PBXContainerItemProxy section */
		A5BF9C68276F9D1600D46E04 /* PBXContainerItemProxy */ = {
			isa = PBXContainerItemProxy;
			containerPortal = A5BF9C46276F9D1300D46E04 /* Project object */;
			proxyType = 1;
			remoteGlobalIDString = A5BF9C4D276F9D1300D46E04;
			remoteInfo = PRINUE;
		};
		A5BF9C72276F9D1600D46E04 /* PBXContainerItemProxy */ = {
			isa = PBXContainerItemProxy;
			containerPortal = A5BF9C46276F9D1300D46E04 /* Project object */;
			proxyType = 1;
			remoteGlobalIDString = A5BF9C4D276F9D1300D46E04;
			remoteInfo = PRINUE;
		};
/* End PBXContainerItemProxy section */

/* Begin PBXFileReference section */
		A5047E242771BEB40010F0E7 /* SignUp.swift */ = {isa = PBXFileReference; lastKnownFileType = sourcecode.swift; path = SignUp.swift; sourceTree = "<group>"; };
		A514A1AB277D9BC3001273C3 /* CategoryCell.swift */ = {isa = PBXFileReference; lastKnownFileType = sourcecode.swift; path = CategoryCell.swift; sourceTree = "<group>"; };
		A514A1AD277DABEB001273C3 /* Category_VC.swift */ = {isa = PBXFileReference; lastKnownFileType = sourcecode.swift; path = Category_VC.swift; sourceTree = "<group>"; };
		A517097D27821815003E8C74 /* CategoryLayout.swift */ = {isa = PBXFileReference; lastKnownFileType = sourcecode.swift; path = CategoryLayout.swift; sourceTree = "<group>"; };
		A51F7527278B4E7700735741 /* YourOrderClass.swift */ = {isa = PBXFileReference; lastKnownFileType = sourcecode.swift; path = YourOrderClass.swift; sourceTree = "<group>"; };
		A51F752B278B544A00735741 /* HomeNavigation.swift */ = {isa = PBXFileReference; lastKnownFileType = sourcecode.swift; path = HomeNavigation.swift; sourceTree = "<group>"; };
		A51F752D278B627700735741 /* YourOrder_VC.swift */ = {isa = PBXFileReference; lastKnownFileType = sourcecode.swift; path = YourOrder_VC.swift; sourceTree = "<group>"; };
		A524E6FD278713F100A6BD70 /* DataManager.swift */ = {isa = PBXFileReference; lastKnownFileType = sourcecode.swift; path = DataManager.swift; sourceTree = "<group>"; };
		A5288523278ADF39004A1A9B /* Contact_VC.swift */ = {isa = PBXFileReference; lastKnownFileType = sourcecode.swift; path = Contact_VC.swift; sourceTree = "<group>"; };
		A5288525278AE004004A1A9B /* ContactView.swift */ = {isa = PBXFileReference; lastKnownFileType = sourcecode.swift; path = ContactView.swift; sourceTree = "<group>"; };
		A529F0AE279371F600CCE1FD /* Cups_VC.swift */ = {isa = PBXFileReference; lastKnownFileType = sourcecode.swift; path = Cups_VC.swift; sourceTree = "<group>"; };
		A52BEDCF2783151D004672AD /* SideMenu_VC.swift */ = {isa = PBXFileReference; lastKnownFileType = sourcecode.swift; path = SideMenu_VC.swift; sourceTree = "<group>"; };
		A54AA89127710B6500B2AD29 /* LoginView.swift */ = {isa = PBXFileReference; lastKnownFileType = sourcecode.swift; path = LoginView.swift; sourceTree = "<group>"; };
		A5BF9C4E276F9D1300D46E04 /* PRINUE.app */ = {isa = PBXFileReference; explicitFileType = wrapper.application; includeInIndex = 0; path = PRINUE.app; sourceTree = BUILT_PRODUCTS_DIR; };
		A5BF9C51276F9D1300D46E04 /* AppDelegate.swift */ = {isa = PBXFileReference; lastKnownFileType = sourcecode.swift; path = AppDelegate.swift; sourceTree = "<group>"; };
		A5BF9C53276F9D1300D46E04 /* SceneDelegate.swift */ = {isa = PBXFileReference; lastKnownFileType = sourcecode.swift; path = SceneDelegate.swift; sourceTree = "<group>"; };
		A5BF9C55276F9D1300D46E04 /* ViewController.swift */ = {isa = PBXFileReference; lastKnownFileType = sourcecode.swift; path = ViewController.swift; sourceTree = "<group>"; };
		A5BF9C58276F9D1300D46E04 /* Base */ = {isa = PBXFileReference; lastKnownFileType = file.storyboard; name = Base; path = Base.lproj/Main.storyboard; sourceTree = "<group>"; };
		A5BF9C5B276F9D1300D46E04 /* PRINUE.xcdatamodel */ = {isa = PBXFileReference; lastKnownFileType = wrapper.xcdatamodel; path = PRINUE.xcdatamodel; sourceTree = "<group>"; };
		A5BF9C5D276F9D1600D46E04 /* Assets.xcassets */ = {isa = PBXFileReference; lastKnownFileType = folder.assetcatalog; path = Assets.xcassets; sourceTree = "<group>"; };
		A5BF9C60276F9D1600D46E04 /* Base */ = {isa = PBXFileReference; lastKnownFileType = file.storyboard; name = Base; path = Base.lproj/LaunchScreen.storyboard; sourceTree = "<group>"; };
		A5BF9C62276F9D1600D46E04 /* Info.plist */ = {isa = PBXFileReference; lastKnownFileType = text.plist.xml; path = Info.plist; sourceTree = "<group>"; };
		A5BF9C67276F9D1600D46E04 /* PRINUETests.xctest */ = {isa = PBXFileReference; explicitFileType = wrapper.cfbundle; includeInIndex = 0; path = PRINUETests.xctest; sourceTree = BUILT_PRODUCTS_DIR; };
		A5BF9C6B276F9D1600D46E04 /* PRINUETests.swift */ = {isa = PBXFileReference; lastKnownFileType = sourcecode.swift; path = PRINUETests.swift; sourceTree = "<group>"; };
		A5BF9C71276F9D1600D46E04 /* PRINUEUITests.xctest */ = {isa = PBXFileReference; explicitFileType = wrapper.cfbundle; includeInIndex = 0; path = PRINUEUITests.xctest; sourceTree = BUILT_PRODUCTS_DIR; };
		A5BF9C75276F9D1600D46E04 /* PRINUEUITests.swift */ = {isa = PBXFileReference; lastKnownFileType = sourcecode.swift; path = PRINUEUITests.swift; sourceTree = "<group>"; };
		A5BF9C77276F9D1600D46E04 /* PRINUEUITestsLaunchTests.swift */ = {isa = PBXFileReference; lastKnownFileType = sourcecode.swift; path = PRINUEUITestsLaunchTests.swift; sourceTree = "<group>"; };
		A5BF9C84276FB6EC00D46E04 /* GoogleService-Info.plist */ = {isa = PBXFileReference; fileEncoding = 4; lastKnownFileType = text.plist.xml; path = "GoogleService-Info.plist"; sourceTree = "<group>"; };
		A5C7549D277B68BA0080A78C /* Utilities.swift */ = {isa = PBXFileReference; lastKnownFileType = sourcecode.swift; path = Utilities.swift; sourceTree = "<group>"; };
		A5C754A0277B6A7B0080A78C /* User.swift */ = {isa = PBXFileReference; lastKnownFileType = sourcecode.swift; path = User.swift; sourceTree = "<group>"; };
		A5C754A2277B6B120080A78C /* Product.swift */ = {isa = PBXFileReference; lastKnownFileType = sourcecode.swift; path = Product.swift; sourceTree = "<group>"; };
		A5C754A4277B6B200080A78C /* Order.swift */ = {isa = PBXFileReference; lastKnownFileType = sourcecode.swift; path = Order.swift; sourceTree = "<group>"; };
		A5CF71FF27787CD900952CD1 /* Home_VC.swift */ = {isa = PBXFileReference; lastKnownFileType = sourcecode.swift; path = Home_VC.swift; sourceTree = "<group>"; };
		A5CF720127787EA800952CD1 /* Login_VC.swift */ = {isa = PBXFileReference; lastKnownFileType = sourcecode.swift; path = Login_VC.swift; sourceTree = "<group>"; };
		A5DAD7C827748CA8007E6DFB /* SignUp_VC.swift */ = {isa = PBXFileReference; lastKnownFileType = sourcecode.swift; path = SignUp_VC.swift; sourceTree = "<group>"; };
		A5E9964027860D3400EB9B3F /* LoginNavigationController.swift */ = {isa = PBXFileReference; lastKnownFileType = sourcecode.swift; path = LoginNavigationController.swift; sourceTree = "<group>"; };
		A5E996422787011400EB9B3F /* Profile_VC.swift */ = {isa = PBXFileReference; lastKnownFileType = sourcecode.swift; path = Profile_VC.swift; sourceTree = "<group>"; };
		A5E996442787015400EB9B3F /* ProfileView.swift */ = {isa = PBXFileReference; lastKnownFileType = sourcecode.swift; path = ProfileView.swift; sourceTree = "<group>"; };
/* End PBXFileReference section */

/* Begin PBXFrameworksBuildPhase section */
		A5BF9C4B276F9D1300D46E04 /* Frameworks */ = {
			isa = PBXFrameworksBuildPhase;
			buildActionMask = 2147483647;
			files = (
				A528851A278ADA16004A1A9B /* FirebaseDatabaseSwift-Beta in Frameworks */,
				A5288518278ADA16004A1A9B /* FirebaseDatabase in Frameworks */,
				A5288520278ADA16004A1A9B /* FirebaseStorage in Frameworks */,
				A5288512278ADA16004A1A9B /* FirebaseAnalyticsSwift-Beta in Frameworks */,
				A5288516278ADA16004A1A9B /* FirebaseCrashlytics in Frameworks */,
				A529F0AD279371C500CCE1FD /* Alamofire in Frameworks */,
				A5288514278ADA16004A1A9B /* FirebaseAuth in Frameworks */,
				A528851E278ADA16004A1A9B /* FirebaseFirestoreSwift-Beta in Frameworks */,
				A5288510278ADA16004A1A9B /* FirebaseAnalytics in Frameworks */,
				A528851C278ADA16004A1A9B /* FirebaseFirestore in Frameworks */,
			);
			runOnlyForDeploymentPostprocessing = 0;
		};
		A5BF9C64276F9D1600D46E04 /* Frameworks */ = {
			isa = PBXFrameworksBuildPhase;
			buildActionMask = 2147483647;
			files = (
			);
			runOnlyForDeploymentPostprocessing = 0;
		};
		A5BF9C6E276F9D1600D46E04 /* Frameworks */ = {
			isa = PBXFrameworksBuildPhase;
			buildActionMask = 2147483647;
			files = (
			);
			runOnlyForDeploymentPostprocessing = 0;
		};
/* End PBXFrameworksBuildPhase section */

/* Begin PBXGroup section */
		A5047E262771BEBC0010F0E7 /* Views */ = {
			isa = PBXGroup;
			children = (
				A51F7527278B4E7700735741 /* YourOrderClass.swift */,
				A514A1AB277D9BC3001273C3 /* CategoryCell.swift */,
				A517097D27821815003E8C74 /* CategoryLayout.swift */,
				A5288525278AE004004A1A9B /* ContactView.swift */,
				A5E9964027860D3400EB9B3F /* LoginNavigationController.swift */,
				A51F752B278B544A00735741 /* HomeNavigation.swift */,
				A5E996442787015400EB9B3F /* ProfileView.swift */,
				A54AA89127710B6500B2AD29 /* LoginView.swift */,
				A5047E242771BEB40010F0E7 /* SignUp.swift */,
				A5C7549D277B68BA0080A78C /* Utilities.swift */,
			);
			path = Views;
			sourceTree = "<group>";
		};
		A5BF9C45276F9D1300D46E04 = {
			isa = PBXGroup;
			children = (
				A5BF9C50276F9D1300D46E04 /* PRINUE */,
				A5BF9C4F276F9D1300D46E04 /* Products */,
			);
			sourceTree = "<group>";
		};
		A5BF9C4F276F9D1300D46E04 /* Products */ = {
			isa = PBXGroup;
			children = (
				A5BF9C4E276F9D1300D46E04 /* PRINUE.app */,
				A5BF9C67276F9D1600D46E04 /* PRINUETests.xctest */,
				A5BF9C71276F9D1600D46E04 /* PRINUEUITests.xctest */,
			);
			name = Products;
			sourceTree = "<group>";
		};
		A5BF9C50276F9D1300D46E04 /* PRINUE */ = {
			isa = PBXGroup;
			children = (
				A5C7549B277B67F00080A78C /* Controllers */,
				A5C7549F277B6A490080A78C /* Model */,
				A5047E262771BEBC0010F0E7 /* Views */,
				A5C7549C277B68460080A78C /* Storyboard */,
				A5BF9C6A276F9D1600D46E04 /* PRINUETests */,
				A5BF9C74276F9D1600D46E04 /* PRINUEUITests */,
				A5BF9C62276F9D1600D46E04 /* Info.plist */,
				A5BF9C5A276F9D1300D46E04 /* PRINUE.xcdatamodeld */,
				A5BF9C84276FB6EC00D46E04 /* GoogleService-Info.plist */,
			);
			path = PRINUE;
			sourceTree = "<group>";
		};
		A5BF9C6A276F9D1600D46E04 /* PRINUETests */ = {
			isa = PBXGroup;
			children = (
				A5BF9C6B276F9D1600D46E04 /* PRINUETests.swift */,
			);
			path = PRINUETests;
			sourceTree = "<group>";
		};
		A5BF9C74276F9D1600D46E04 /* PRINUEUITests */ = {
			isa = PBXGroup;
			children = (
				A5BF9C75276F9D1600D46E04 /* PRINUEUITests.swift */,
				A5BF9C77276F9D1600D46E04 /* PRINUEUITestsLaunchTests.swift */,
			);
			path = PRINUEUITests;
			sourceTree = "<group>";
		};
		A5C7549B277B67F00080A78C /* Controllers */ = {
			isa = PBXGroup;
			children = (
				A5BF9C55276F9D1300D46E04 /* ViewController.swift */,
				A5CF71FF27787CD900952CD1 /* Home_VC.swift */,
				A5CF720127787EA800952CD1 /* Login_VC.swift */,
				A5DAD7C827748CA8007E6DFB /* SignUp_VC.swift */,
				A5E996422787011400EB9B3F /* Profile_VC.swift */,
				A514A1AD277DABEB001273C3 /* Category_VC.swift */,
				A52BEDCF2783151D004672AD /* SideMenu_VC.swift */,
				A51F752D278B627700735741 /* YourOrder_VC.swift */,
				A529F0AE279371F600CCE1FD /* Cups_VC.swift */,
				A5288523278ADF39004A1A9B /* Contact_VC.swift */,
				A5BF9C51276F9D1300D46E04 /* AppDelegate.swift */,
				A5BF9C53276F9D1300D46E04 /* SceneDelegate.swift */,
			);
			path = Controllers;
			sourceTree = "<group>";
		};
		A5C7549C277B68460080A78C /* Storyboard */ = {
			isa = PBXGroup;
			children = (
				A5BF9C57276F9D1300D46E04 /* Main.storyboard */,
				A5BF9C5D276F9D1600D46E04 /* Assets.xcassets */,
				A5BF9C5F276F9D1600D46E04 /* LaunchScreen.storyboard */,
			);
			path = Storyboard;
			sourceTree = "<group>";
		};
		A5C7549F277B6A490080A78C /* Model */ = {
			isa = PBXGroup;
			children = (
				A5C754A0277B6A7B0080A78C /* User.swift */,
				A5C754A2277B6B120080A78C /* Product.swift */,
				A524E6FD278713F100A6BD70 /* DataManager.swift */,
				A5C754A4277B6B200080A78C /* Order.swift */,
			);
			path = Model;
			sourceTree = "<group>";
		};
/* End PBXGroup section */

/* Begin PBXNativeTarget section */
		A5BF9C4D276F9D1300D46E04 /* PRINUE */ = {
			isa = PBXNativeTarget;
			buildConfigurationList = A5BF9C7B276F9D1600D46E04 /* Build configuration list for PBXNativeTarget "PRINUE" */;
			buildPhases = (
				A5BF9C4A276F9D1300D46E04 /* Sources */,
				A5BF9C4B276F9D1300D46E04 /* Frameworks */,
				A5BF9C4C276F9D1300D46E04 /* Resources */,
			);
			buildRules = (
			);
			dependencies = (
			);
			name = PRINUE;
			packageProductDependencies = (
				A528850F278ADA16004A1A9B /* FirebaseAnalytics */,
				A5288511278ADA16004A1A9B /* FirebaseAnalyticsSwift-Beta */,
				A5288513278ADA16004A1A9B /* FirebaseAuth */,
				A5288515278ADA16004A1A9B /* FirebaseCrashlytics */,
				A5288517278ADA16004A1A9B /* FirebaseDatabase */,
				A5288519278ADA16004A1A9B /* FirebaseDatabaseSwift-Beta */,
				A528851B278ADA16004A1A9B /* FirebaseFirestore */,
				A528851D278ADA16004A1A9B /* FirebaseFirestoreSwift-Beta */,
				A528851F278ADA16004A1A9B /* FirebaseStorage */,
				A529F0AC279371C500CCE1FD /* Alamofire */,
			);
			productName = PRINUE;
			productReference = A5BF9C4E276F9D1300D46E04 /* PRINUE.app */;
			productType = "com.apple.product-type.application";
		};
		A5BF9C66276F9D1600D46E04 /* PRINUETests */ = {
			isa = PBXNativeTarget;
			buildConfigurationList = A5BF9C7E276F9D1600D46E04 /* Build configuration list for PBXNativeTarget "PRINUETests" */;
			buildPhases = (
				A5BF9C63276F9D1600D46E04 /* Sources */,
				A5BF9C64276F9D1600D46E04 /* Frameworks */,
				A5BF9C65276F9D1600D46E04 /* Resources */,
			);
			buildRules = (
			);
			dependencies = (
				A5BF9C69276F9D1600D46E04 /* PBXTargetDependency */,
			);
			name = PRINUETests;
			productName = PRINUETests;
			productReference = A5BF9C67276F9D1600D46E04 /* PRINUETests.xctest */;
			productType = "com.apple.product-type.bundle.unit-test";
		};
		A5BF9C70276F9D1600D46E04 /* PRINUEUITests */ = {
			isa = PBXNativeTarget;
			buildConfigurationList = A5BF9C81276F9D1600D46E04 /* Build configuration list for PBXNativeTarget "PRINUEUITests" */;
			buildPhases = (
				A5BF9C6D276F9D1600D46E04 /* Sources */,
				A5BF9C6E276F9D1600D46E04 /* Frameworks */,
				A5BF9C6F276F9D1600D46E04 /* Resources */,
			);
			buildRules = (
			);
			dependencies = (
				A5BF9C73276F9D1600D46E04 /* PBXTargetDependency */,
			);
			name = PRINUEUITests;
			productName = PRINUEUITests;
			productReference = A5BF9C71276F9D1600D46E04 /* PRINUEUITests.xctest */;
			productType = "com.apple.product-type.bundle.ui-testing";
		};
/* End PBXNativeTarget section */

/* Begin PBXProject section */
		A5BF9C46276F9D1300D46E04 /* Project object */ = {
			isa = PBXProject;
			attributes = {
				BuildIndependentTargetsInParallel = 1;
				LastSwiftUpdateCheck = 1320;
				LastUpgradeCheck = 1320;
				TargetAttributes = {
					A5BF9C4D276F9D1300D46E04 = {
						CreatedOnToolsVersion = 13.2;
					};
					A5BF9C66276F9D1600D46E04 = {
						CreatedOnToolsVersion = 13.2;
						TestTargetID = A5BF9C4D276F9D1300D46E04;
					};
					A5BF9C70276F9D1600D46E04 = {
						CreatedOnToolsVersion = 13.2;
						TestTargetID = A5BF9C4D276F9D1300D46E04;
					};
				};
			};
			buildConfigurationList = A5BF9C49276F9D1300D46E04 /* Build configuration list for PBXProject "PRINUE" */;
			compatibilityVersion = "Xcode 13.0";
			developmentRegion = en;
			hasScannedForEncodings = 0;
			knownRegions = (
				en,
				Base,
			);
			mainGroup = A5BF9C45276F9D1300D46E04;
			packageReferences = (
				A528850E278ADA16004A1A9B /* XCRemoteSwiftPackageReference "firebase-ios-sdk" */,
				A529F0AB279371C500CCE1FD /* XCRemoteSwiftPackageReference "Alamofire" */,
			);
			productRefGroup = A5BF9C4F276F9D1300D46E04 /* Products */;
			projectDirPath = "";
			projectRoot = "";
			targets = (
				A5BF9C4D276F9D1300D46E04 /* PRINUE */,
				A5BF9C66276F9D1600D46E04 /* PRINUETests */,
				A5BF9C70276F9D1600D46E04 /* PRINUEUITests */,
			);
		};
/* End PBXProject section */

/* Begin PBXResourcesBuildPhase section */
		A5BF9C4C276F9D1300D46E04 /* Resources */ = {
			isa = PBXResourcesBuildPhase;
			buildActionMask = 2147483647;
			files = (
				A5BF9C61276F9D1600D46E04 /* LaunchScreen.storyboard in Resources */,
				A5BF9C85276FB6EC00D46E04 /* GoogleService-Info.plist in Resources */,
				A5BF9C5E276F9D1600D46E04 /* Assets.xcassets in Resources */,
				A5BF9C59276F9D1300D46E04 /* Main.storyboard in Resources */,
			);
			runOnlyForDeploymentPostprocessing = 0;
		};
		A5BF9C65276F9D1600D46E04 /* Resources */ = {
			isa = PBXResourcesBuildPhase;
			buildActionMask = 2147483647;
			files = (
			);
			runOnlyForDeploymentPostprocessing = 0;
		};
		A5BF9C6F276F9D1600D46E04 /* Resources */ = {
			isa = PBXResourcesBuildPhase;
			buildActionMask = 2147483647;
			files = (
			);
			runOnlyForDeploymentPostprocessing = 0;
		};
/* End PBXResourcesBuildPhase section */

/* Begin PBXSourcesBuildPhase section */
		A5BF9C4A276F9D1300D46E04 /* Sources */ = {
			isa = PBXSourcesBuildPhase;
			buildActionMask = 2147483647;
			files = (
				A5BF9C56276F9D1300D46E04 /* ViewController.swift in Sources */,
				A5047E252771BEB40010F0E7 /* SignUp.swift in Sources */,
				A5BF9C52276F9D1300D46E04 /* AppDelegate.swift in Sources */,
				A514A1AC277D9BC3001273C3 /* CategoryCell.swift in Sources */,
				A5CF720027787CD900952CD1 /* Home_VC.swift in Sources */,
				A5BF9C5C276F9D1300D46E04 /* PRINUE.xcdatamodeld in Sources */,
				A5C754A3277B6B120080A78C /* Product.swift in Sources */,
				A5E9964127860D3400EB9B3F /* LoginNavigationController.swift in Sources */,
				A51F752E278B627700735741 /* YourOrder_VC.swift in Sources */,
				A51F7528278B4E7700735741 /* YourOrderClass.swift in Sources */,
				A5CF720227787EA800952CD1 /* Login_VC.swift in Sources */,
				A52BEDD02783151D004672AD /* SideMenu_VC.swift in Sources */,
				A524E6FE278713F100A6BD70 /* DataManager.swift in Sources */,
				A5288526278AE004004A1A9B /* ContactView.swift in Sources */,
				A5288524278ADF39004A1A9B /* Contact_VC.swift in Sources */,
				A5DAD7C927748CA8007E6DFB /* SignUp_VC.swift in Sources */,
				A54AA89227710B6500B2AD29 /* LoginView.swift in Sources */,
				A5E996452787015400EB9B3F /* ProfileView.swift in Sources */,
				A514A1AE277DABEB001273C3 /* Category_VC.swift in Sources */,
				A529F0AF279371F600CCE1FD /* Cups_VC.swift in Sources */,
				A517097E27821815003E8C74 /* CategoryLayout.swift in Sources */,
				A51F752C278B544A00735741 /* HomeNavigation.swift in Sources */,
				A5E996432787011400EB9B3F /* Profile_VC.swift in Sources */,
				A5C7549E277B68BA0080A78C /* Utilities.swift in Sources */,
				A5C754A5277B6B200080A78C /* Order.swift in Sources */,
				A5C754A1277B6A7B0080A78C /* User.swift in Sources */,
				A5BF9C54276F9D1300D46E04 /* SceneDelegate.swift in Sources */,
			);
			runOnlyForDeploymentPostprocessing = 0;
		};
		A5BF9C63276F9D1600D46E04 /* Sources */ = {
			isa = PBXSourcesBuildPhase;
			buildActionMask = 2147483647;
			files = (
				A5BF9C6C276F9D1600D46E04 /* PRINUETests.swift in Sources */,
			);
			runOnlyForDeploymentPostprocessing = 0;
		};
		A5BF9C6D276F9D1600D46E04 /* Sources */ = {
			isa = PBXSourcesBuildPhase;
			buildActionMask = 2147483647;
			files = (
				A5BF9C76276F9D1600D46E04 /* PRINUEUITests.swift in Sources */,
				A5BF9C78276F9D1600D46E04 /* PRINUEUITestsLaunchTests.swift in Sources */,
			);
			runOnlyForDeploymentPostprocessing = 0;
		};
/* End PBXSourcesBuildPhase section */

/* Begin PBXTargetDependency section */
		A5BF9C69276F9D1600D46E04 /* PBXTargetDependency */ = {
			isa = PBXTargetDependency;
			target = A5BF9C4D276F9D1300D46E04 /* PRINUE */;
			targetProxy = A5BF9C68276F9D1600D46E04 /* PBXContainerItemProxy */;
		};
		A5BF9C73276F9D1600D46E04 /* PBXTargetDependency */ = {
			isa = PBXTargetDependency;
			target = A5BF9C4D276F9D1300D46E04 /* PRINUE */;
			targetProxy = A5BF9C72276F9D1600D46E04 /* PBXContainerItemProxy */;
		};
/* End PBXTargetDependency section */

/* Begin PBXVariantGroup section */
		A5BF9C57276F9D1300D46E04 /* Main.storyboard */ = {
			isa = PBXVariantGroup;
			children = (
				A5BF9C58276F9D1300D46E04 /* Base */,
			);
			name = Main.storyboard;
			sourceTree = "<group>";
		};
		A5BF9C5F276F9D1600D46E04 /* LaunchScreen.storyboard */ = {
			isa = PBXVariantGroup;
			children = (
				A5BF9C60276F9D1600D46E04 /* Base */,
			);
			name = LaunchScreen.storyboard;
			sourceTree = "<group>";
		};
/* End PBXVariantGroup section */

/* Begin XCBuildConfiguration section */
		A5BF9C79276F9D1600D46E04 /* Debug */ = {
			isa = XCBuildConfiguration;
			buildSettings = {
				ALWAYS_SEARCH_USER_PATHS = NO;
				CLANG_ANALYZER_NONNULL = YES;
				CLANG_ANALYZER_NUMBER_OBJECT_CONVERSION = YES_AGGRESSIVE;
				CLANG_CXX_LANGUAGE_STANDARD = "gnu++17";
				CLANG_CXX_LIBRARY = "libc++";
				CLANG_ENABLE_MODULES = YES;
				CLANG_ENABLE_OBJC_ARC = YES;
				CLANG_ENABLE_OBJC_WEAK = YES;
				CLANG_WARN_BLOCK_CAPTURE_AUTORELEASING = YES;
				CLANG_WARN_BOOL_CONVERSION = YES;
				CLANG_WARN_COMMA = YES;
				CLANG_WARN_CONSTANT_CONVERSION = YES;
				CLANG_WARN_DEPRECATED_OBJC_IMPLEMENTATIONS = YES;
				CLANG_WARN_DIRECT_OBJC_ISA_USAGE = YES_ERROR;
				CLANG_WARN_DOCUMENTATION_COMMENTS = YES;
				CLANG_WARN_EMPTY_BODY = YES;
				CLANG_WARN_ENUM_CONVERSION = YES;
				CLANG_WARN_INFINITE_RECURSION = YES;
				CLANG_WARN_INT_CONVERSION = YES;
				CLANG_WARN_NON_LITERAL_NULL_CONVERSION = YES;
				CLANG_WARN_OBJC_IMPLICIT_RETAIN_SELF = YES;
				CLANG_WARN_OBJC_LITERAL_CONVERSION = YES;
				CLANG_WARN_OBJC_ROOT_CLASS = YES_ERROR;
				CLANG_WARN_QUOTED_INCLUDE_IN_FRAMEWORK_HEADER = YES;
				CLANG_WARN_RANGE_LOOP_ANALYSIS = YES;
				CLANG_WARN_STRICT_PROTOTYPES = YES;
				CLANG_WARN_SUSPICIOUS_MOVE = YES;
				CLANG_WARN_UNGUARDED_AVAILABILITY = YES_AGGRESSIVE;
				CLANG_WARN_UNREACHABLE_CODE = YES;
				CLANG_WARN__DUPLICATE_METHOD_MATCH = YES;
				COPY_PHASE_STRIP = NO;
				DEBUG_INFORMATION_FORMAT = dwarf;
				ENABLE_STRICT_OBJC_MSGSEND = YES;
				ENABLE_TESTABILITY = YES;
				GCC_C_LANGUAGE_STANDARD = gnu11;
				GCC_DYNAMIC_NO_PIC = NO;
				GCC_NO_COMMON_BLOCKS = YES;
				GCC_OPTIMIZATION_LEVEL = 0;
				GCC_PREPROCESSOR_DEFINITIONS = (
					"DEBUG=1",
					"$(inherited)",
				);
				GCC_WARN_64_TO_32_BIT_CONVERSION = YES;
				GCC_WARN_ABOUT_RETURN_TYPE = YES_ERROR;
				GCC_WARN_UNDECLARED_SELECTOR = YES;
				GCC_WARN_UNINITIALIZED_AUTOS = YES_AGGRESSIVE;
				GCC_WARN_UNUSED_FUNCTION = YES;
				GCC_WARN_UNUSED_VARIABLE = YES;
				IPHONEOS_DEPLOYMENT_TARGET = 15.2;
				MTL_ENABLE_DEBUG_INFO = INCLUDE_SOURCE;
				MTL_FAST_MATH = YES;
				ONLY_ACTIVE_ARCH = YES;
				SDKROOT = iphoneos;
				SWIFT_ACTIVE_COMPILATION_CONDITIONS = DEBUG;
				SWIFT_OPTIMIZATION_LEVEL = "-Onone";
			};
			name = Debug;
		};
		A5BF9C7A276F9D1600D46E04 /* Release */ = {
			isa = XCBuildConfiguration;
			buildSettings = {
				ALWAYS_SEARCH_USER_PATHS = NO;
				CLANG_ANALYZER_NONNULL = YES;
				CLANG_ANALYZER_NUMBER_OBJECT_CONVERSION = YES_AGGRESSIVE;
				CLANG_CXX_LANGUAGE_STANDARD = "gnu++17";
				CLANG_CXX_LIBRARY = "libc++";
				CLANG_ENABLE_MODULES = YES;
				CLANG_ENABLE_OBJC_ARC = YES;
				CLANG_ENABLE_OBJC_WEAK = YES;
				CLANG_WARN_BLOCK_CAPTURE_AUTORELEASING = YES;
				CLANG_WARN_BOOL_CONVERSION = YES;
				CLANG_WARN_COMMA = YES;
				CLANG_WARN_CONSTANT_CONVERSION = YES;
				CLANG_WARN_DEPRECATED_OBJC_IMPLEMENTATIONS = YES;
				CLANG_WARN_DIRECT_OBJC_ISA_USAGE = YES_ERROR;
				CLANG_WARN_DOCUMENTATION_COMMENTS = YES;
				CLANG_WARN_EMPTY_BODY = YES;
				CLANG_WARN_ENUM_CONVERSION = YES;
				CLANG_WARN_INFINITE_RECURSION = YES;
				CLANG_WARN_INT_CONVERSION = YES;
				CLANG_WARN_NON_LITERAL_NULL_CONVERSION = YES;
				CLANG_WARN_OBJC_IMPLICIT_RETAIN_SELF = YES;
				CLANG_WARN_OBJC_LITERAL_CONVERSION = YES;
				CLANG_WARN_OBJC_ROOT_CLASS = YES_ERROR;
				CLANG_WARN_QUOTED_INCLUDE_IN_FRAMEWORK_HEADER = YES;
				CLANG_WARN_RANGE_LOOP_ANALYSIS = YES;
				CLANG_WARN_STRICT_PROTOTYPES = YES;
				CLANG_WARN_SUSPICIOUS_MOVE = YES;
				CLANG_WARN_UNGUARDED_AVAILABILITY = YES_AGGRESSIVE;
				CLANG_WARN_UNREACHABLE_CODE = YES;
				CLANG_WARN__DUPLICATE_METHOD_MATCH = YES;
				COPY_PHASE_STRIP = NO;
				DEBUG_INFORMATION_FORMAT = "dwarf-with-dsym";
				ENABLE_NS_ASSERTIONS = NO;
				ENABLE_STRICT_OBJC_MSGSEND = YES;
				GCC_C_LANGUAGE_STANDARD = gnu11;
				GCC_NO_COMMON_BLOCKS = YES;
				GCC_WARN_64_TO_32_BIT_CONVERSION = YES;
				GCC_WARN_ABOUT_RETURN_TYPE = YES_ERROR;
				GCC_WARN_UNDECLARED_SELECTOR = YES;
				GCC_WARN_UNINITIALIZED_AUTOS = YES_AGGRESSIVE;
				GCC_WARN_UNUSED_FUNCTION = YES;
				GCC_WARN_UNUSED_VARIABLE = YES;
				IPHONEOS_DEPLOYMENT_TARGET = 15.2;
				MTL_ENABLE_DEBUG_INFO = NO;
				MTL_FAST_MATH = YES;
				SDKROOT = iphoneos;
				SWIFT_COMPILATION_MODE = wholemodule;
				SWIFT_OPTIMIZATION_LEVEL = "-O";
				VALIDATE_PRODUCT = YES;
			};
			name = Release;
		};
		A5BF9C7C276F9D1600D46E04 /* Debug */ = {
			isa = XCBuildConfiguration;
			buildSettings = {
				ASSETCATALOG_COMPILER_APPICON_NAME = "AppIcon-1";
				ASSETCATALOG_COMPILER_GLOBAL_ACCENT_COLOR_NAME = AccentColor;
				CODE_SIGN_STYLE = Automatic;
				CURRENT_PROJECT_VERSION = 1;
				DEVELOPMENT_TEAM = X899GFN3F4;
				GENERATE_INFOPLIST_FILE = YES;
				INFOPLIST_FILE = PRINUE/Info.plist;
				INFOPLIST_KEY_UIApplicationSupportsIndirectInputEvents = YES;
				INFOPLIST_KEY_UILaunchStoryboardName = LaunchScreen;
				INFOPLIST_KEY_UIMainStoryboardFile = Main;
				INFOPLIST_KEY_UISupportedInterfaceOrientations_iPad = "UIInterfaceOrientationPortrait UIInterfaceOrientationPortraitUpsideDown UIInterfaceOrientationLandscapeLeft UIInterfaceOrientationLandscapeRight";
				INFOPLIST_KEY_UISupportedInterfaceOrientations_iPhone = "UIInterfaceOrientationPortrait UIInterfaceOrientationLandscapeLeft UIInterfaceOrientationLandscapeRight";
				IPHONEOS_DEPLOYMENT_TARGET = 15.0;
				LD_RUNPATH_SEARCH_PATHS = (
					"$(inherited)",
					"@executable_path/Frameworks",
				);
				MARKETING_VERSION = 1.0;
				PRODUCT_BUNDLE_IDENTIFIER = Razan.PRINUE;
				PRODUCT_NAME = "$(TARGET_NAME)";
				SWIFT_EMIT_LOC_STRINGS = YES;
				SWIFT_VERSION = 5.0;
				TARGETED_DEVICE_FAMILY = 1;
			};
			name = Debug;
		};
		A5BF9C7D276F9D1600D46E04 /* Release */ = {
			isa = XCBuildConfiguration;
			buildSettings = {
				ASSETCATALOG_COMPILER_APPICON_NAME = "AppIcon-1";
				ASSETCATALOG_COMPILER_GLOBAL_ACCENT_COLOR_NAME = AccentColor;
				CODE_SIGN_STYLE = Automatic;
				CURRENT_PROJECT_VERSION = 1;
				DEVELOPMENT_TEAM = X899GFN3F4;
				GENERATE_INFOPLIST_FILE = YES;
				INFOPLIST_FILE = PRINUE/Info.plist;
				INFOPLIST_KEY_UIApplicationSupportsIndirectInputEvents = YES;
				INFOPLIST_KEY_UILaunchStoryboardName = LaunchScreen;
				INFOPLIST_KEY_UIMainStoryboardFile = Main;
				INFOPLIST_KEY_UISupportedInterfaceOrientations_iPad = "UIInterfaceOrientationPortrait UIInterfaceOrientationPortraitUpsideDown UIInterfaceOrientationLandscapeLeft UIInterfaceOrientationLandscapeRight";
				INFOPLIST_KEY_UISupportedInterfaceOrientations_iPhone = "UIInterfaceOrientationPortrait UIInterfaceOrientationLandscapeLeft UIInterfaceOrientationLandscapeRight";
				IPHONEOS_DEPLOYMENT_TARGET = 15.0;
				LD_RUNPATH_SEARCH_PATHS = (
					"$(inherited)",
					"@executable_path/Frameworks",
				);
				MARKETING_VERSION = 1.0;
				PRODUCT_BUNDLE_IDENTIFIER = Razan.PRINUE;
				PRODUCT_NAME = "$(TARGET_NAME)";
				SWIFT_EMIT_LOC_STRINGS = YES;
				SWIFT_VERSION = 5.0;
				TARGETED_DEVICE_FAMILY = 1;
			};
			name = Release;
		};
		A5BF9C7F276F9D1600D46E04 /* Debug */ = {
			isa = XCBuildConfiguration;
			buildSettings = {
				ALWAYS_EMBED_SWIFT_STANDARD_LIBRARIES = YES;
				BUNDLE_LOADER = "$(TEST_HOST)";
				CODE_SIGN_STYLE = Automatic;
				CURRENT_PROJECT_VERSION = 1;
				DEVELOPMENT_TEAM = X899GFN3F4;
				GENERATE_INFOPLIST_FILE = YES;
				IPHONEOS_DEPLOYMENT_TARGET = 15.2;
				MARKETING_VERSION = 1.0;
				PRODUCT_BUNDLE_IDENTIFIER = Razan.PRINUETests;
				PRODUCT_NAME = "$(TARGET_NAME)";
				SWIFT_EMIT_LOC_STRINGS = NO;
				SWIFT_VERSION = 5.0;
				TARGETED_DEVICE_FAMILY = "1,2";
				TEST_HOST = "$(BUILT_PRODUCTS_DIR)/PRINUE.app/PRINUE";
			};
			name = Debug;
		};
		A5BF9C80276F9D1600D46E04 /* Release */ = {
			isa = XCBuildConfiguration;
			buildSettings = {
				ALWAYS_EMBED_SWIFT_STANDARD_LIBRARIES = YES;
				BUNDLE_LOADER = "$(TEST_HOST)";
				CODE_SIGN_STYLE = Automatic;
				CURRENT_PROJECT_VERSION = 1;
				DEVELOPMENT_TEAM = X899GFN3F4;
				GENERATE_INFOPLIST_FILE = YES;
				IPHONEOS_DEPLOYMENT_TARGET = 15.2;
				MARKETING_VERSION = 1.0;
				PRODUCT_BUNDLE_IDENTIFIER = Razan.PRINUETests;
				PRODUCT_NAME = "$(TARGET_NAME)";
				SWIFT_EMIT_LOC_STRINGS = NO;
				SWIFT_VERSION = 5.0;
				TARGETED_DEVICE_FAMILY = "1,2";
				TEST_HOST = "$(BUILT_PRODUCTS_DIR)/PRINUE.app/PRINUE";
			};
			name = Release;
		};
		A5BF9C82276F9D1600D46E04 /* Debug */ = {
			isa = XCBuildConfiguration;
			buildSettings = {
				ALWAYS_EMBED_SWIFT_STANDARD_LIBRARIES = YES;
				CODE_SIGN_STYLE = Automatic;
				CURRENT_PROJECT_VERSION = 1;
				DEVELOPMENT_TEAM = X899GFN3F4;
				GENERATE_INFOPLIST_FILE = YES;
				MARKETING_VERSION = 1.0;
				PRODUCT_BUNDLE_IDENTIFIER = Razan.PRINUEUITests;
				PRODUCT_NAME = "$(TARGET_NAME)";
				SWIFT_EMIT_LOC_STRINGS = NO;
				SWIFT_VERSION = 5.0;
				TARGETED_DEVICE_FAMILY = "1,2";
				TEST_TARGET_NAME = PRINUE;
			};
			name = Debug;
		};
		A5BF9C83276F9D1600D46E04 /* Release */ = {
			isa = XCBuildConfiguration;
			buildSettings = {
				ALWAYS_EMBED_SWIFT_STANDARD_LIBRARIES = YES;
				CODE_SIGN_STYLE = Automatic;
				CURRENT_PROJECT_VERSION = 1;
				DEVELOPMENT_TEAM = X899GFN3F4;
				GENERATE_INFOPLIST_FILE = YES;
				MARKETING_VERSION = 1.0;
				PRODUCT_BUNDLE_IDENTIFIER = Razan.PRINUEUITests;
				PRODUCT_NAME = "$(TARGET_NAME)";
				SWIFT_EMIT_LOC_STRINGS = NO;
				SWIFT_VERSION = 5.0;
				TARGETED_DEVICE_FAMILY = "1,2";
				TEST_TARGET_NAME = PRINUE;
			};
			name = Release;
		};
/* End XCBuildConfiguration section */

/* Begin XCConfigurationList section */
		A5BF9C49276F9D1300D46E04 /* Build configuration list for PBXProject "PRINUE" */ = {
			isa = XCConfigurationList;
			buildConfigurations = (
				A5BF9C79276F9D1600D46E04 /* Debug */,
				A5BF9C7A276F9D1600D46E04 /* Release */,
			);
			defaultConfigurationIsVisible = 0;
			defaultConfigurationName = Release;
		};
		A5BF9C7B276F9D1600D46E04 /* Build configuration list for PBXNativeTarget "PRINUE" */ = {
			isa = XCConfigurationList;
			buildConfigurations = (
				A5BF9C7C276F9D1600D46E04 /* Debug */,
				A5BF9C7D276F9D1600D46E04 /* Release */,
			);
			defaultConfigurationIsVisible = 0;
			defaultConfigurationName = Release;
		};
		A5BF9C7E276F9D1600D46E04 /* Build configuration list for PBXNativeTarget "PRINUETests" */ = {
			isa = XCConfigurationList;
			buildConfigurations = (
				A5BF9C7F276F9D1600D46E04 /* Debug */,
				A5BF9C80276F9D1600D46E04 /* Release */,
			);
			defaultConfigurationIsVisible = 0;
			defaultConfigurationName = Release;
		};
		A5BF9C81276F9D1600D46E04 /* Build configuration list for PBXNativeTarget "PRINUEUITests" */ = {
			isa = XCConfigurationList;
			buildConfigurations = (
				A5BF9C82276F9D1600D46E04 /* Debug */,
				A5BF9C83276F9D1600D46E04 /* Release */,
			);
			defaultConfigurationIsVisible = 0;
			defaultConfigurationName = Release;
		};
/* End XCConfigurationList section */

/* Begin XCRemoteSwiftPackageReference section */
		A528850E278ADA16004A1A9B /* XCRemoteSwiftPackageReference "firebase-ios-sdk" */ = {
			isa = XCRemoteSwiftPackageReference;
			repositoryURL = "https://github.com/firebase/firebase-ios-sdk";
			requirement = {
				branch = master;
				kind = branch;
			};
		};
		A529F0AB279371C500CCE1FD /* XCRemoteSwiftPackageReference "Alamofire" */ = {
			isa = XCRemoteSwiftPackageReference;
			repositoryURL = "https://github.com/Alamofire/Alamofire.git";
			requirement = {
				kind = upToNextMajorVersion;
				minimumVersion = 5.0.0;
			};
		};
/* End XCRemoteSwiftPackageReference section */

/* Begin XCSwiftPackageProductDependency section */
		A528850F278ADA16004A1A9B /* FirebaseAnalytics */ = {
			isa = XCSwiftPackageProductDependency;
			package = A528850E278ADA16004A1A9B /* XCRemoteSwiftPackageReference "firebase-ios-sdk" */;
			productName = FirebaseAnalytics;
		};
		A5288511278ADA16004A1A9B /* FirebaseAnalyticsSwift-Beta */ = {
			isa = XCSwiftPackageProductDependency;
			package = A528850E278ADA16004A1A9B /* XCRemoteSwiftPackageReference "firebase-ios-sdk" */;
			productName = "FirebaseAnalyticsSwift-Beta";
		};
		A5288513278ADA16004A1A9B /* FirebaseAuth */ = {
			isa = XCSwiftPackageProductDependency;
			package = A528850E278ADA16004A1A9B /* XCRemoteSwiftPackageReference "firebase-ios-sdk" */;
			productName = FirebaseAuth;
		};
		A5288515278ADA16004A1A9B /* FirebaseCrashlytics */ = {
			isa = XCSwiftPackageProductDependency;
			package = A528850E278ADA16004A1A9B /* XCRemoteSwiftPackageReference "firebase-ios-sdk" */;
			productName = FirebaseCrashlytics;
		};
		A5288517278ADA16004A1A9B /* FirebaseDatabase */ = {
			isa = XCSwiftPackageProductDependency;
			package = A528850E278ADA16004A1A9B /* XCRemoteSwiftPackageReference "firebase-ios-sdk" */;
			productName = FirebaseDatabase;
		};
		A5288519278ADA16004A1A9B /* FirebaseDatabaseSwift-Beta */ = {
			isa = XCSwiftPackageProductDependency;
			package = A528850E278ADA16004A1A9B /* XCRemoteSwiftPackageReference "firebase-ios-sdk" */;
			productName = "FirebaseDatabaseSwift-Beta";
		};
		A528851B278ADA16004A1A9B /* FirebaseFirestore */ = {
			isa = XCSwiftPackageProductDependency;
			package = A528850E278ADA16004A1A9B /* XCRemoteSwiftPackageReference "firebase-ios-sdk" */;
			productName = FirebaseFirestore;
		};
		A528851D278ADA16004A1A9B /* FirebaseFirestoreSwift-Beta */ = {
			isa = XCSwiftPackageProductDependency;
			package = A528850E278ADA16004A1A9B /* XCRemoteSwiftPackageReference "firebase-ios-sdk" */;
			productName = "FirebaseFirestoreSwift-Beta";
		};
		A528851F278ADA16004A1A9B /* FirebaseStorage */ = {
			isa = XCSwiftPackageProductDependency;
			package = A528850E278ADA16004A1A9B /* XCRemoteSwiftPackageReference "firebase-ios-sdk" */;
			productName = FirebaseStorage;
		};
		A529F0AC279371C500CCE1FD /* Alamofire */ = {
			isa = XCSwiftPackageProductDependency;
			package = A529F0AB279371C500CCE1FD /* XCRemoteSwiftPackageReference "Alamofire" */;
			productName = Alamofire;
		};
/* End XCSwiftPackageProductDependency section */

/* Begin XCVersionGroup section */
		A5BF9C5A276F9D1300D46E04 /* PRINUE.xcdatamodeld */ = {
			isa = XCVersionGroup;
			children = (
				A5BF9C5B276F9D1300D46E04 /* PRINUE.xcdatamodel */,
			);
			currentVersion = A5BF9C5B276F9D1300D46E04 /* PRINUE.xcdatamodel */;
			path = PRINUE.xcdatamodeld;
			sourceTree = "<group>";
			versionGroupType = wrapper.xcdatamodel;
		};
/* End XCVersionGroup section */
	};
	rootObject = A5BF9C46276F9D1300D46E04 /* Project object */;
}
